
Microsoft Visual Studio Solution File, Format Version 12.00
# Visual Studio 15
VisualStudioVersion = 15.0.28307.271
MinimumVisualStudioVersion = 10.0.40219.1
Project("{9A19103F-16F7-4668-BE54-9A1E7A4F7556}") = "PersonalInfo", "PersonalInfo\PersonalInfo.csproj", "{FADAC3E9-4368-4BA8-93FE-AD9B7F071140}"
EndProject
Project("{9A19103F-16F7-4668-BE54-9A1E7A4F7556}") = "PersonalInfo.Core", "PersonalInfo.Core\PersonalInfo.Core.csproj", "{FA6A721C-6F4E-4F05-B506-222C7C455147}"
EndProject
Project("{FAE04EC0-301F-11D3-BF4B-00C04F79EFBC}") = "PersonalInfo.Auth", "PersonalInfo.Auth\PersonalInfo.Auth.csproj", "{91F3DF06-DBAF-451B-BC47-E1C161F64C4B}"
EndProject
Global
	GlobalSection(SolutionConfigurationPlatforms) = preSolution
		Debug|Any CPU = Debug|Any CPU
		Release|Any CPU = Release|Any CPU
	EndGlobalSection
	GlobalSection(ProjectConfigurationPlatforms) = postSolution
		{FADAC3E9-4368-4BA8-93FE-AD9B7F071140}.Debug|Any CPU.ActiveCfg = Debug|Any CPU
		{FADAC3E9-4368-4BA8-93FE-AD9B7F071140}.Debug|Any CPU.Build.0 = Debug|Any CPU
		{FADAC3E9-4368-4BA8-93FE-AD9B7F071140}.Release|Any CPU.ActiveCfg = Release|Any CPU
		{FADAC3E9-4368-4BA8-93FE-AD9B7F071140}.Release|Any CPU.Build.0 = Release|Any CPU
		{FA6A721C-6F4E-4F05-B506-222C7C455147}.Debug|Any CPU.ActiveCfg = Debug|Any CPU
		{FA6A721C-6F4E-4F05-B506-222C7C455147}.Debug|Any CPU.Build.0 = Debug|Any CPU
		{FA6A721C-6F4E-4F05-B506-222C7C455147}.Release|Any CPU.ActiveCfg = Release|Any CPU
		{FA6A721C-6F4E-4F05-B506-222C7C455147}.Release|Any CPU.Build.0 = Release|Any CPU
		{91F3DF06-DBAF-451B-BC47-E1C161F64C4B}.Debug|Any CPU.ActiveCfg = Debug|Any CPU
		{91F3DF06-DBAF-451B-BC47-E1C161F64C4B}.Debug|Any CPU.Build.0 = Debug|Any CPU
		{91F3DF06-DBAF-451B-BC47-E1C161F64C4B}.Release|Any CPU.ActiveCfg = Release|Any CPU
		{91F3DF06-DBAF-451B-BC47-E1C161F64C4B}.Release|Any CPU.Build.0 = Release|Any CPU
	EndGlobalSection
	GlobalSection(SolutionProperties) = preSolution
		HideSolutionNode = FALSE
	EndGlobalSection
	GlobalSection(ExtensibilityGlobals) = postSolution
		SolutionGuid = {0F9C0502-016D-4FF4-A50E-E92BE29F8D30}
	EndGlobalSection
EndGlobal
